
Microsoft Visual Studio Solution File, Format Version 12.00
# Visual Studio 2015
Project("{FAE04EC0-301F-11D3-BF4B-00C04F79EFBC}") = "Project-Magic_Ship", "Project-Magic_Ship.csproj", "{EE781ECE-AEE5-6504-C418-1ECA185B2496}"
EndProject
Global
	GlobalSection(SolutionConfigurationPlatforms) = preSolution
		Debug|Any CPU = Debug|Any CPU
		Release|Any CPU = Release|Any CPU
	EndGlobalSection
	GlobalSection(ProjectConfigurationPlatforms) = postSolution
		{EE781ECE-AEE5-6504-C418-1ECA185B2496}.Debug|Any CPU.ActiveCfg = Debug|Any CPU
		{EE781ECE-AEE5-6504-C418-1ECA185B2496}.Debug|Any CPU.Build.0 = Debug|Any CPU
		{EE781ECE-AEE5-6504-C418-1ECA185B2496}.Release|Any CPU.ActiveCfg = Release|Any CPU
		{EE781ECE-AEE5-6504-C418-1ECA185B2496}.Release|Any CPU.Build.0 = Release|Any CPU
	EndGlobalSection
	GlobalSection(SolutionProperties) = preSolution
		HideSolutionNode = FALSE
	EndGlobalSection
EndGlobal
